
Microsoft Visual Studio Solution File, Format Version 12.00
# Visual Studio 15
VisualStudioVersion = 15.0.28307.779
MinimumVisualStudioVersion = 10.0.40219.1
Project("{FAE04EC0-301F-11D3-BF4B-00C04F79EFBC}") = "EquipmentManagement", "EquipmentManagement\EquipmentManagement.csproj", "{1DDCB90A-A9EE-4DE3-BAC4-445C5BCA06E8}"
EndProject
Project("{FAE04EC0-301F-11D3-BF4B-00C04F79EFBC}") = "Test", "Test\Test.csproj", "{79D0FC7A-E978-42FF-B2B8-BDAACB0EFDC1}"
EndProject
Project("{FAE04EC0-301F-11D3-BF4B-00C04F79EFBC}") = "BoxPrint_M", "BoxPrint\BoxPrint_M.csproj", "{457A2D09-D3DC-481D-835E-7D26EF2C177C}"
EndProject
Project("{FAE04EC0-301F-11D3-BF4B-00C04F79EFBC}") = "Printer", "Printer\Printer.csproj", "{6A90752A-6E36-458F-8D97-78EFF77D3332}"
EndProject
Project("{FAE04EC0-301F-11D3-BF4B-00C04F79EFBC}") = "RecoverCheck", "PackPrint\RecoverCheck.csproj", "{05755F9C-1C43-46BE-BA81-AD95FB595D14}"
EndProject
Project("{FAE04EC0-301F-11D3-BF4B-00C04F79EFBC}") = "TestMacImport", "TestMacImport\TestMacImport.csproj", "{6246CFD4-82CE-42A5-81B6-6829A8AB4CA4}"
EndProject
Project("{FAE04EC0-301F-11D3-BF4B-00C04F79EFBC}") = "TestPalletSNImport", "TestPalletSNImport\TestPalletSNImport.csproj", "{AAA66D3A-DE51-4719-B8FE-E8EFCBACEE69}"
EndProject
Project("{FAE04EC0-301F-11D3-BF4B-00C04F79EFBC}") = "JumpToStation", "JumpToStation\JumpToStation.csproj", "{9E835A8B-29A5-4E38-8CCD-7BCF8ACCC902}"
EndProject
Project("{FAE04EC0-301F-11D3-BF4B-00C04F79EFBC}") = "P60wifiMacImport", "P60wifiMacImport\P60wifiMacImport.csproj", "{E6386A0F-D5EA-45A7-AA82-39D988DF4E4A}"
EndProject
Project("{FAE04EC0-301F-11D3-BF4B-00C04F79EFBC}") = "macfrommysql", "macfrommysql\macfrommysql.csproj", "{911BFE67-B5AA-4DD9-AEFA-83FAB362AD1A}"
EndProject
Project("{FAE04EC0-301F-11D3-BF4B-00C04F79EFBC}") = "BoxSNImport", "BoxSNImport\BoxSNImport.csproj", "{4516AEF3-F936-4959-A1C7-4626DC8CE434}"
EndProject
Project("{FAE04EC0-301F-11D3-BF4B-00C04F79EFBC}") = "CartonQRPrint", "CartonQRPrint\CartonQRPrint.csproj", "{116CAA96-3311-4431-A389-BFFF1824BFCD}"
EndProject
Global
	GlobalSection(SolutionConfigurationPlatforms) = preSolution
		Debug|Any CPU = Debug|Any CPU
		Debug|x64 = Debug|x64
		Debug|x86 = Debug|x86
		Release|Any CPU = Release|Any CPU
		Release|x64 = Release|x64
		Release|x86 = Release|x86
	EndGlobalSection
	GlobalSection(ProjectConfigurationPlatforms) = postSolution
		{1DDCB90A-A9EE-4DE3-BAC4-445C5BCA06E8}.Debug|Any CPU.ActiveCfg = Debug|Any CPU
		{1DDCB90A-A9EE-4DE3-BAC4-445C5BCA06E8}.Debug|Any CPU.Build.0 = Debug|Any CPU
		{1DDCB90A-A9EE-4DE3-BAC4-445C5BCA06E8}.Debug|x64.ActiveCfg = Debug|Any CPU
		{1DDCB90A-A9EE-4DE3-BAC4-445C5BCA06E8}.Debug|x64.Build.0 = Debug|Any CPU
		{1DDCB90A-A9EE-4DE3-BAC4-445C5BCA06E8}.Debug|x86.ActiveCfg = Debug|Any CPU
		{1DDCB90A-A9EE-4DE3-BAC4-445C5BCA06E8}.Debug|x86.Build.0 = Debug|Any CPU
		{1DDCB90A-A9EE-4DE3-BAC4-445C5BCA06E8}.Release|Any CPU.ActiveCfg = Release|Any CPU
		{1DDCB90A-A9EE-4DE3-BAC4-445C5BCA06E8}.Release|Any CPU.Build.0 = Release|Any CPU
		{1DDCB90A-A9EE-4DE3-BAC4-445C5BCA06E8}.Release|x64.ActiveCfg = Release|Any CPU
		{1DDCB90A-A9EE-4DE3-BAC4-445C5BCA06E8}.Release|x64.Build.0 = Release|Any CPU
		{1DDCB90A-A9EE-4DE3-BAC4-445C5BCA06E8}.Release|x86.ActiveCfg = Release|Any CPU
		{1DDCB90A-A9EE-4DE3-BAC4-445C5BCA06E8}.Release|x86.Build.0 = Release|Any CPU
		{79D0FC7A-E978-42FF-B2B8-BDAACB0EFDC1}.Debug|Any CPU.ActiveCfg = Debug|Any CPU
		{79D0FC7A-E978-42FF-B2B8-BDAACB0EFDC1}.Debug|Any CPU.Build.0 = Debug|Any CPU
		{79D0FC7A-E978-42FF-B2B8-BDAACB0EFDC1}.Debug|x64.ActiveCfg = Debug|Any CPU
		{79D0FC7A-E978-42FF-B2B8-BDAACB0EFDC1}.Debug|x64.Build.0 = Debug|Any CPU
		{79D0FC7A-E978-42FF-B2B8-BDAACB0EFDC1}.Debug|x86.ActiveCfg = Debug|Any CPU
		{79D0FC7A-E978-42FF-B2B8-BDAACB0EFDC1}.Debug|x86.Build.0 = Debug|Any CPU
		{79D0FC7A-E978-42FF-B2B8-BDAACB0EFDC1}.Release|Any CPU.ActiveCfg = Release|Any CPU
		{79D0FC7A-E978-42FF-B2B8-BDAACB0EFDC1}.Release|Any CPU.Build.0 = Release|Any CPU
		{79D0FC7A-E978-42FF-B2B8-BDAACB0EFDC1}.Release|x64.ActiveCfg = Release|Any CPU
		{79D0FC7A-E978-42FF-B2B8-BDAACB0EFDC1}.Release|x64.Build.0 = Release|Any CPU
		{79D0FC7A-E978-42FF-B2B8-BDAACB0EFDC1}.Release|x86.ActiveCfg = Release|Any CPU
		{79D0FC7A-E978-42FF-B2B8-BDAACB0EFDC1}.Release|x86.Build.0 = Release|Any CPU
		{457A2D09-D3DC-481D-835E-7D26EF2C177C}.Debug|Any CPU.ActiveCfg = Debug|Any CPU
		{457A2D09-D3DC-481D-835E-7D26EF2C177C}.Debug|Any CPU.Build.0 = Debug|Any CPU
		{457A2D09-D3DC-481D-835E-7D26EF2C177C}.Debug|x64.ActiveCfg = Debug|Any CPU
		{457A2D09-D3DC-481D-835E-7D26EF2C177C}.Debug|x64.Build.0 = Debug|Any CPU
		{457A2D09-D3DC-481D-835E-7D26EF2C177C}.Debug|x86.ActiveCfg = Debug|Any CPU
		{457A2D09-D3DC-481D-835E-7D26EF2C177C}.Debug|x86.Build.0 = Debug|Any CPU
		{457A2D09-D3DC-481D-835E-7D26EF2C177C}.Release|Any CPU.ActiveCfg = Release|Any CPU
		{457A2D09-D3DC-481D-835E-7D26EF2C177C}.Release|Any CPU.Build.0 = Release|Any CPU
		{457A2D09-D3DC-481D-835E-7D26EF2C177C}.Release|x64.ActiveCfg = Release|Any CPU
		{457A2D09-D3DC-481D-835E-7D26EF2C177C}.Release|x64.Build.0 = Release|Any CPU
		{457A2D09-D3DC-481D-835E-7D26EF2C177C}.Release|x86.ActiveCfg = Release|Any CPU
		{457A2D09-D3DC-481D-835E-7D26EF2C177C}.Release|x86.Build.0 = Release|Any CPU
		{6A90752A-6E36-458F-8D97-78EFF77D3332}.Debug|Any CPU.ActiveCfg = Debug|Any CPU
		{6A90752A-6E36-458F-8D97-78EFF77D3332}.Debug|Any CPU.Build.0 = Debug|Any CPU
		{6A90752A-6E36-458F-8D97-78EFF77D3332}.Debug|x64.ActiveCfg = Debug|Any CPU
		{6A90752A-6E36-458F-8D97-78EFF77D3332}.Debug|x64.Build.0 = Debug|Any CPU
		{6A90752A-6E36-458F-8D97-78EFF77D3332}.Debug|x86.ActiveCfg = Debug|Any CPU
		{6A90752A-6E36-458F-8D97-78EFF77D3332}.Debug|x86.Build.0 = Debug|Any CPU
		{6A90752A-6E36-458F-8D97-78EFF77D3332}.Release|Any CPU.ActiveCfg = Release|Any CPU
		{6A90752A-6E36-458F-8D97-78EFF77D3332}.Release|Any CPU.Build.0 = Release|Any CPU
		{6A90752A-6E36-458F-8D97-78EFF77D3332}.Release|x64.ActiveCfg = Release|Any CPU
		{6A90752A-6E36-458F-8D97-78EFF77D3332}.Release|x64.Build.0 = Release|Any CPU
		{6A90752A-6E36-458F-8D97-78EFF77D3332}.Release|x86.ActiveCfg = Release|Any CPU
		{6A90752A-6E36-458F-8D97-78EFF77D3332}.Release|x86.Build.0 = Release|Any CPU
		{05755F9C-1C43-46BE-BA81-AD95FB595D14}.Debug|Any CPU.ActiveCfg = Debug|Any CPU
		{05755F9C-1C43-46BE-BA81-AD95FB595D14}.Debug|Any CPU.Build.0 = Debug|Any CPU
		{05755F9C-1C43-46BE-BA81-AD95FB595D14}.Debug|x64.ActiveCfg = Debug|x64
		{05755F9C-1C43-46BE-BA81-AD95FB595D14}.Debug|x64.Build.0 = Debug|x64
		{05755F9C-1C43-46BE-BA81-AD95FB595D14}.Debug|x86.ActiveCfg = Debug|x86
		{05755F9C-1C43-46BE-BA81-AD95FB595D14}.Debug|x86.Build.0 = Debug|x86
		{05755F9C-1C43-46BE-BA81-AD95FB595D14}.Release|Any CPU.ActiveCfg = Release|Any CPU
		{05755F9C-1C43-46BE-BA81-AD95FB595D14}.Release|Any CPU.Build.0 = Release|Any CPU
		{05755F9C-1C43-46BE-BA81-AD95FB595D14}.Release|x64.ActiveCfg = Release|x64
		{05755F9C-1C43-46BE-BA81-AD95FB595D14}.Release|x64.Build.0 = Release|x64
		{05755F9C-1C43-46BE-BA81-AD95FB595D14}.Release|x86.ActiveCfg = Release|x86
		{05755F9C-1C43-46BE-BA81-AD95FB595D14}.Release|x86.Build.0 = Release|x86
		{6246CFD4-82CE-42A5-81B6-6829A8AB4CA4}.Debug|Any CPU.ActiveCfg = Debug|Any CPU
		{6246CFD4-82CE-42A5-81B6-6829A8AB4CA4}.Debug|Any CPU.Build.0 = Debug|Any CPU
		{6246CFD4-82CE-42A5-81B6-6829A8AB4CA4}.Debug|x64.ActiveCfg = Debug|x64
		{6246CFD4-82CE-42A5-81B6-6829A8AB4CA4}.Debug|x64.Build.0 = Debug|x64
		{6246CFD4-82CE-42A5-81B6-6829A8AB4CA4}.Debug|x86.ActiveCfg = Debug|x86
		{6246CFD4-82CE-42A5-81B6-6829A8AB4CA4}.Debug|x86.Build.0 = Debug|x86
		{6246CFD4-82CE-42A5-81B6-6829A8AB4CA4}.Release|Any CPU.ActiveCfg = Release|Any CPU
		{6246CFD4-82CE-42A5-81B6-6829A8AB4CA4}.Release|Any CPU.Build.0 = Release|Any CPU
		{6246CFD4-82CE-42A5-81B6-6829A8AB4CA4}.Release|x64.ActiveCfg = Release|x64
		{6246CFD4-82CE-42A5-81B6-6829A8AB4CA4}.Release|x64.Build.0 = Release|x64
		{6246CFD4-82CE-42A5-81B6-6829A8AB4CA4}.Release|x86.ActiveCfg = Release|x86
		{6246CFD4-82CE-42A5-81B6-6829A8AB4CA4}.Release|x86.Build.0 = Release|x86
		{AAA66D3A-DE51-4719-B8FE-E8EFCBACEE69}.Debug|Any CPU.ActiveCfg = Debug|Any CPU
		{AAA66D3A-DE51-4719-B8FE-E8EFCBACEE69}.Debug|Any CPU.Build.0 = Debug|Any CPU
		{AAA66D3A-DE51-4719-B8FE-E8EFCBACEE69}.Debug|x64.ActiveCfg = Debug|x64
		{AAA66D3A-DE51-4719-B8FE-E8EFCBACEE69}.Debug|x64.Build.0 = Debug|x64
		{AAA66D3A-DE51-4719-B8FE-E8EFCBACEE69}.Debug|x86.ActiveCfg = Debug|x86
		{AAA66D3A-DE51-4719-B8FE-E8EFCBACEE69}.Debug|x86.Build.0 = Debug|x86
		{AAA66D3A-DE51-4719-B8FE-E8EFCBACEE69}.Release|Any CPU.ActiveCfg = Release|Any CPU
		{AAA66D3A-DE51-4719-B8FE-E8EFCBACEE69}.Release|Any CPU.Build.0 = Release|Any CPU
		{AAA66D3A-DE51-4719-B8FE-E8EFCBACEE69}.Release|x64.ActiveCfg = Release|x64
		{AAA66D3A-DE51-4719-B8FE-E8EFCBACEE69}.Release|x64.Build.0 = Release|x64
		{AAA66D3A-DE51-4719-B8FE-E8EFCBACEE69}.Release|x86.ActiveCfg = Release|x86
		{AAA66D3A-DE51-4719-B8FE-E8EFCBACEE69}.Release|x86.Build.0 = Release|x86
		{9E835A8B-29A5-4E38-8CCD-7BCF8ACCC902}.Debug|Any CPU.ActiveCfg = Debug|Any CPU
		{9E835A8B-29A5-4E38-8CCD-7BCF8ACCC902}.Debug|Any CPU.Build.0 = Debug|Any CPU
		{9E835A8B-29A5-4E38-8CCD-7BCF8ACCC902}.Debug|x64.ActiveCfg = Debug|x64
		{9E835A8B-29A5-4E38-8CCD-7BCF8ACCC902}.Debug|x64.Build.0 = Debug|x64
		{9E835A8B-29A5-4E38-8CCD-7BCF8ACCC902}.Debug|x86.ActiveCfg = Debug|x86
		{9E835A8B-29A5-4E38-8CCD-7BCF8ACCC902}.Debug|x86.Build.0 = Debug|x86
		{9E835A8B-29A5-4E38-8CCD-7BCF8ACCC902}.Release|Any CPU.ActiveCfg = Release|Any CPU
		{9E835A8B-29A5-4E38-8CCD-7BCF8ACCC902}.Release|Any CPU.Build.0 = Release|Any CPU
		{9E835A8B-29A5-4E38-8CCD-7BCF8ACCC902}.Release|x64.ActiveCfg = Release|x64
		{9E835A8B-29A5-4E38-8CCD-7BCF8ACCC902}.Release|x64.Build.0 = Release|x64
		{9E835A8B-29A5-4E38-8CCD-7BCF8ACCC902}.Release|x86.ActiveCfg = Release|x86
		{9E835A8B-29A5-4E38-8CCD-7BCF8ACCC902}.Release|x86.Build.0 = Release|x86
		{E6386A0F-D5EA-45A7-AA82-39D988DF4E4A}.Debug|Any CPU.ActiveCfg = Debug|Any CPU
		{E6386A0F-D5EA-45A7-AA82-39D988DF4E4A}.Debug|Any CPU.Build.0 = Debug|Any CPU
		{E6386A0F-D5EA-45A7-AA82-39D988DF4E4A}.Debug|x64.ActiveCfg = Debug|x64
		{E6386A0F-D5EA-45A7-AA82-39D988DF4E4A}.Debug|x64.Build.0 = Debug|x64
		{E6386A0F-D5EA-45A7-AA82-39D988DF4E4A}.Debug|x86.ActiveCfg = Debug|x86
		{E6386A0F-D5EA-45A7-AA82-39D988DF4E4A}.Debug|x86.Build.0 = Debug|x86
		{E6386A0F-D5EA-45A7-AA82-39D988DF4E4A}.Release|Any CPU.ActiveCfg = Release|Any CPU
		{E6386A0F-D5EA-45A7-AA82-39D988DF4E4A}.Release|Any CPU.Build.0 = Release|Any CPU
		{E6386A0F-D5EA-45A7-AA82-39D988DF4E4A}.Release|x64.ActiveCfg = Release|x64
		{E6386A0F-D5EA-45A7-AA82-39D988DF4E4A}.Release|x64.Build.0 = Release|x64
		{E6386A0F-D5EA-45A7-AA82-39D988DF4E4A}.Release|x86.ActiveCfg = Release|x86
		{E6386A0F-D5EA-45A7-AA82-39D988DF4E4A}.Release|x86.Build.0 = Release|x86
		{911BFE67-B5AA-4DD9-AEFA-83FAB362AD1A}.Debug|Any CPU.ActiveCfg = Debug|Any CPU
		{911BFE67-B5AA-4DD9-AEFA-83FAB362AD1A}.Debug|Any CPU.Build.0 = Debug|Any CPU
		{911BFE67-B5AA-4DD9-AEFA-83FAB362AD1A}.Debug|x64.ActiveCfg = Debug|x64
		{911BFE67-B5AA-4DD9-AEFA-83FAB362AD1A}.Debug|x64.Build.0 = Debug|x64
		{911BFE67-B5AA-4DD9-AEFA-83FAB362AD1A}.Debug|x86.ActiveCfg = Debug|x86
		{911BFE67-B5AA-4DD9-AEFA-83FAB362AD1A}.Debug|x86.Build.0 = Debug|x86
		{911BFE67-B5AA-4DD9-AEFA-83FAB362AD1A}.Release|Any CPU.ActiveCfg = Release|Any CPU
		{911BFE67-B5AA-4DD9-AEFA-83FAB362AD1A}.Release|Any CPU.Build.0 = Release|Any CPU
		{911BFE67-B5AA-4DD9-AEFA-83FAB362AD1A}.Release|x64.ActiveCfg = Release|x64
		{911BFE67-B5AA-4DD9-AEFA-83FAB362AD1A}.Release|x64.Build.0 = Release|x64
		{911BFE67-B5AA-4DD9-AEFA-83FAB362AD1A}.Release|x86.ActiveCfg = Release|x86
		{911BFE67-B5AA-4DD9-AEFA-83FAB362AD1A}.Release|x86.Build.0 = Release|x86
		{4516AEF3-F936-4959-A1C7-4626DC8CE434}.Debug|Any CPU.ActiveCfg = Debug|Any CPU
		{4516AEF3-F936-4959-A1C7-4626DC8CE434}.Debug|Any CPU.Build.0 = Debug|Any CPU
		{4516AEF3-F936-4959-A1C7-4626DC8CE434}.Debug|x64.ActiveCfg = Debug|Any CPU
		{4516AEF3-F936-4959-A1C7-4626DC8CE434}.Debug|x64.Build.0 = Debug|Any CPU
		{4516AEF3-F936-4959-A1C7-4626DC8CE434}.Debug|x86.ActiveCfg = Debug|Any CPU
		{4516AEF3-F936-4959-A1C7-4626DC8CE434}.Debug|x86.Build.0 = Debug|Any CPU
		{4516AEF3-F936-4959-A1C7-4626DC8CE434}.Release|Any CPU.ActiveCfg = Release|Any CPU
		{4516AEF3-F936-4959-A1C7-4626DC8CE434}.Release|Any CPU.Build.0 = Release|Any CPU
		{4516AEF3-F936-4959-A1C7-4626DC8CE434}.Release|x64.ActiveCfg = Release|Any CPU
		{4516AEF3-F936-4959-A1C7-4626DC8CE434}.Release|x64.Build.0 = Release|Any CPU
		{4516AEF3-F936-4959-A1C7-4626DC8CE434}.Release|x86.ActiveCfg = Release|Any CPU
		{4516AEF3-F936-4959-A1C7-4626DC8CE434}.Release|x86.Build.0 = Release|Any CPU
		{116CAA96-3311-4431-A389-BFFF1824BFCD}.Debug|Any CPU.ActiveCfg = Debug|Any CPU
		{116CAA96-3311-4431-A389-BFFF1824BFCD}.Debug|Any CPU.Build.0 = Debug|Any CPU
		{116CAA96-3311-4431-A389-BFFF1824BFCD}.Debug|x64.ActiveCfg = Debug|x64
		{116CAA96-3311-4431-A389-BFFF1824BFCD}.Debug|x64.Build.0 = Debug|x64
		{116CAA96-3311-4431-A389-BFFF1824BFCD}.Debug|x86.ActiveCfg = Debug|x86
		{116CAA96-3311-4431-A389-BFFF1824BFCD}.Debug|x86.Build.0 = Debug|x86
		{116CAA96-3311-4431-A389-BFFF1824BFCD}.Release|Any CPU.ActiveCfg = Release|Any CPU
		{116CAA96-3311-4431-A389-BFFF1824BFCD}.Release|Any CPU.Build.0 = Release|Any CPU
		{116CAA96-3311-4431-A389-BFFF1824BFCD}.Release|x64.ActiveCfg = Release|x64
		{116CAA96-3311-4431-A389-BFFF1824BFCD}.Release|x64.Build.0 = Release|x64
		{116CAA96-3311-4431-A389-BFFF1824BFCD}.Release|x86.ActiveCfg = Release|x86
		{116CAA96-3311-4431-A389-BFFF1824BFCD}.Release|x86.Build.0 = Release|x86
	EndGlobalSection
	GlobalSection(SolutionProperties) = preSolution
		HideSolutionNode = FALSE
	EndGlobalSection
	GlobalSection(ExtensibilityGlobals) = postSolution
		SolutionGuid = {06D83338-1A4A-4278-9FDB-B860794AD8F8}
	EndGlobalSection
EndGlobal
