
Microsoft Visual Studio Solution File, Format Version 12.00
# Visual Studio 15
VisualStudioVersion = 15.0.28307.779
MinimumVisualStudioVersion = 10.0.40219.1
Project("{FAE04EC0-301F-11D3-BF4B-00C04F79EFBC}") = "EquipmentManagement", "EquipmentManagement\EquipmentManagement.csproj", "{1DDCB90A-A9EE-4DE3-BAC4-445C5BCA06E8}"
EndProject
Project("{FAE04EC0-301F-11D3-BF4B-00C04F79EFBC}") = "Test", "Test\Test.csproj", "{79D0FC7A-E978-42FF-B2B8-BDAACB0EFDC1}"
EndProject
Project("{FAE04EC0-301F-11D3-BF4B-00C04F79EFBC}") = "BoxPrint_M", "BoxPrint\BoxPrint_M.csproj", "{457A2D09-D3DC-481D-835E-7D26EF2C177C}"
EndProject
Project("{FAE04EC0-301F-11D3-BF4B-00C04F79EFBC}") = "Printer", "Printer\Printer.csproj", "{6A90752A-6E36-458F-8D97-78EFF77D3332}"
EndProject
Project("{FAE04EC0-301F-11D3-BF4B-00C04F79EFBC}") = "PackPrint", "PackPrint\PackPrint.csproj", "{05755F9C-1C43-46BE-BA81-AD95FB595D14}"
EndProject
Project("{FAE04EC0-301F-11D3-BF4B-00C04F79EFBC}") = "Pallet", "Pallet\Pallet\Pallet.csproj", "{44E9C7B7-43E1-407F-92C8-2760B200608E}"
EndProject
Project("{FAE04EC0-301F-11D3-BF4B-00C04F79EFBC}") = "ColorBoxCheck", "ColorBoxCheck\ColorBoxCheck.csproj", "{1A4775F0-C704-4A06-9117-5B48CD16B7E8}"
EndProject
Project("{FAE04EC0-301F-11D3-BF4B-00C04F79EFBC}") = "PalletByEN", "PalletByEN\PalletByEN.csproj", "{103C6089-4FFD-4CF0-B792-100D773AAAC3}"
EndProject
Project("{FAE04EC0-301F-11D3-BF4B-00C04F79EFBC}") = "barcode", "barcode\barcode.csproj", "{456FD8D6-B63A-4963-A91C-36E9AE96D228}"
EndProject
Project("{FAE04EC0-301F-11D3-BF4B-00C04F79EFBC}") = "AttachBinding", "AttachBinding\AttachBinding.csproj", "{B0E7A270-0077-4522-82CD-E284DF3E85D5}"
EndProject
Project("{FAE04EC0-301F-11D3-BF4B-00C04F79EFBC}") = "ColorWeightPrint", "ColorWeightPrint\ColorWeightPrint.csproj", "{F3313750-DDDE-4B39-8119-D540E822E9AF}"
EndProject
Project("{FAE04EC0-301F-11D3-BF4B-00C04F79EFBC}") = "TestMacImport", "TestMacImport\TestMacImport.csproj", "{6246CFD4-82CE-42A5-81B6-6829A8AB4CA4}"
EndProject
Project("{FAE04EC0-301F-11D3-BF4B-00C04F79EFBC}") = "USBCopy", "USBCopy\USBCopy.csproj", "{183598F6-8420-4E33-81F0-5A546222C379}"
EndProject
Project("{FAE04EC0-301F-11D3-BF4B-00C04F79EFBC}") = "TestPalletSNImport", "TestPalletSNImport\TestPalletSNImport.csproj", "{AAA66D3A-DE51-4719-B8FE-E8EFCBACEE69}"
EndProject
Project("{FAE04EC0-301F-11D3-BF4B-00C04F79EFBC}") = "BoxPrint_H", "isn\BoxPrint_H.csproj", "{D2E3F2B4-DAB3-44AB-97A5-D2AA3AF87732}"
EndProject
Project("{FAE04EC0-301F-11D3-BF4B-00C04F79EFBC}") = "BarcodeCompare", "isn\BarcodeCompare.csproj", "{6F7BFDE7-884C-4FCF-9F0F-C103285D3D37}"
EndProject
Project("{FAE04EC0-301F-11D3-BF4B-00C04F79EFBC}") = "PCBATransfer", "SMT PCBA\PCBATransfer.csproj", "{256EEA14-C989-4652-B73F-2C049E323E0B}"
EndProject
Project("{FAE04EC0-301F-11D3-BF4B-00C04F79EFBC}") = "checklist", "checklist\checklist.csproj", "{B220B456-E561-4F9C-86F3-3F530BBB6F6F}"
EndProject
Global
	GlobalSection(SolutionConfigurationPlatforms) = preSolution
		Debug|Any CPU = Debug|Any CPU
		Debug|x64 = Debug|x64
		Debug|x86 = Debug|x86
		Release|Any CPU = Release|Any CPU
		Release|x64 = Release|x64
		Release|x86 = Release|x86
	EndGlobalSection
	GlobalSection(ProjectConfigurationPlatforms) = postSolution
		{1DDCB90A-A9EE-4DE3-BAC4-445C5BCA06E8}.Debug|Any CPU.ActiveCfg = Debug|Any CPU
		{1DDCB90A-A9EE-4DE3-BAC4-445C5BCA06E8}.Debug|Any CPU.Build.0 = Debug|Any CPU
		{1DDCB90A-A9EE-4DE3-BAC4-445C5BCA06E8}.Debug|x64.ActiveCfg = Debug|Any CPU
		{1DDCB90A-A9EE-4DE3-BAC4-445C5BCA06E8}.Debug|x64.Build.0 = Debug|Any CPU
		{1DDCB90A-A9EE-4DE3-BAC4-445C5BCA06E8}.Debug|x86.ActiveCfg = Debug|Any CPU
		{1DDCB90A-A9EE-4DE3-BAC4-445C5BCA06E8}.Debug|x86.Build.0 = Debug|Any CPU
		{1DDCB90A-A9EE-4DE3-BAC4-445C5BCA06E8}.Release|Any CPU.ActiveCfg = Release|Any CPU
		{1DDCB90A-A9EE-4DE3-BAC4-445C5BCA06E8}.Release|Any CPU.Build.0 = Release|Any CPU
		{1DDCB90A-A9EE-4DE3-BAC4-445C5BCA06E8}.Release|x64.ActiveCfg = Release|Any CPU
		{1DDCB90A-A9EE-4DE3-BAC4-445C5BCA06E8}.Release|x64.Build.0 = Release|Any CPU
		{1DDCB90A-A9EE-4DE3-BAC4-445C5BCA06E8}.Release|x86.ActiveCfg = Release|Any CPU
		{1DDCB90A-A9EE-4DE3-BAC4-445C5BCA06E8}.Release|x86.Build.0 = Release|Any CPU
		{79D0FC7A-E978-42FF-B2B8-BDAACB0EFDC1}.Debug|Any CPU.ActiveCfg = Debug|Any CPU
		{79D0FC7A-E978-42FF-B2B8-BDAACB0EFDC1}.Debug|Any CPU.Build.0 = Debug|Any CPU
		{79D0FC7A-E978-42FF-B2B8-BDAACB0EFDC1}.Debug|x64.ActiveCfg = Debug|Any CPU
		{79D0FC7A-E978-42FF-B2B8-BDAACB0EFDC1}.Debug|x64.Build.0 = Debug|Any CPU
		{79D0FC7A-E978-42FF-B2B8-BDAACB0EFDC1}.Debug|x86.ActiveCfg = Debug|Any CPU
		{79D0FC7A-E978-42FF-B2B8-BDAACB0EFDC1}.Debug|x86.Build.0 = Debug|Any CPU
		{79D0FC7A-E978-42FF-B2B8-BDAACB0EFDC1}.Release|Any CPU.ActiveCfg = Release|Any CPU
		{79D0FC7A-E978-42FF-B2B8-BDAACB0EFDC1}.Release|Any CPU.Build.0 = Release|Any CPU
		{79D0FC7A-E978-42FF-B2B8-BDAACB0EFDC1}.Release|x64.ActiveCfg = Release|Any CPU
		{79D0FC7A-E978-42FF-B2B8-BDAACB0EFDC1}.Release|x64.Build.0 = Release|Any CPU
		{79D0FC7A-E978-42FF-B2B8-BDAACB0EFDC1}.Release|x86.ActiveCfg = Release|Any CPU
		{79D0FC7A-E978-42FF-B2B8-BDAACB0EFDC1}.Release|x86.Build.0 = Release|Any CPU
		{457A2D09-D3DC-481D-835E-7D26EF2C177C}.Debug|Any CPU.ActiveCfg = Debug|Any CPU
		{457A2D09-D3DC-481D-835E-7D26EF2C177C}.Debug|Any CPU.Build.0 = Debug|Any CPU
		{457A2D09-D3DC-481D-835E-7D26EF2C177C}.Debug|x64.ActiveCfg = Debug|Any CPU
		{457A2D09-D3DC-481D-835E-7D26EF2C177C}.Debug|x64.Build.0 = Debug|Any CPU
		{457A2D09-D3DC-481D-835E-7D26EF2C177C}.Debug|x86.ActiveCfg = Debug|Any CPU
		{457A2D09-D3DC-481D-835E-7D26EF2C177C}.Debug|x86.Build.0 = Debug|Any CPU
		{457A2D09-D3DC-481D-835E-7D26EF2C177C}.Release|Any CPU.ActiveCfg = Release|Any CPU
		{457A2D09-D3DC-481D-835E-7D26EF2C177C}.Release|Any CPU.Build.0 = Release|Any CPU
		{457A2D09-D3DC-481D-835E-7D26EF2C177C}.Release|x64.ActiveCfg = Release|Any CPU
		{457A2D09-D3DC-481D-835E-7D26EF2C177C}.Release|x64.Build.0 = Release|Any CPU
		{457A2D09-D3DC-481D-835E-7D26EF2C177C}.Release|x86.ActiveCfg = Release|Any CPU
		{457A2D09-D3DC-481D-835E-7D26EF2C177C}.Release|x86.Build.0 = Release|Any CPU
		{6A90752A-6E36-458F-8D97-78EFF77D3332}.Debug|Any CPU.ActiveCfg = Debug|Any CPU
		{6A90752A-6E36-458F-8D97-78EFF77D3332}.Debug|Any CPU.Build.0 = Debug|Any CPU
		{6A90752A-6E36-458F-8D97-78EFF77D3332}.Debug|x64.ActiveCfg = Debug|Any CPU
		{6A90752A-6E36-458F-8D97-78EFF77D3332}.Debug|x64.Build.0 = Debug|Any CPU
		{6A90752A-6E36-458F-8D97-78EFF77D3332}.Debug|x86.ActiveCfg = Debug|Any CPU
		{6A90752A-6E36-458F-8D97-78EFF77D3332}.Debug|x86.Build.0 = Debug|Any CPU
		{6A90752A-6E36-458F-8D97-78EFF77D3332}.Release|Any CPU.ActiveCfg = Release|Any CPU
		{6A90752A-6E36-458F-8D97-78EFF77D3332}.Release|Any CPU.Build.0 = Release|Any CPU
		{6A90752A-6E36-458F-8D97-78EFF77D3332}.Release|x64.ActiveCfg = Release|Any CPU
		{6A90752A-6E36-458F-8D97-78EFF77D3332}.Release|x64.Build.0 = Release|Any CPU
		{6A90752A-6E36-458F-8D97-78EFF77D3332}.Release|x86.ActiveCfg = Release|Any CPU
		{6A90752A-6E36-458F-8D97-78EFF77D3332}.Release|x86.Build.0 = Release|Any CPU
		{05755F9C-1C43-46BE-BA81-AD95FB595D14}.Debug|Any CPU.ActiveCfg = Debug|Any CPU
		{05755F9C-1C43-46BE-BA81-AD95FB595D14}.Debug|Any CPU.Build.0 = Debug|Any CPU
		{05755F9C-1C43-46BE-BA81-AD95FB595D14}.Debug|x64.ActiveCfg = Debug|x64
		{05755F9C-1C43-46BE-BA81-AD95FB595D14}.Debug|x64.Build.0 = Debug|x64
		{05755F9C-1C43-46BE-BA81-AD95FB595D14}.Debug|x86.ActiveCfg = Debug|x86
		{05755F9C-1C43-46BE-BA81-AD95FB595D14}.Debug|x86.Build.0 = Debug|x86
		{05755F9C-1C43-46BE-BA81-AD95FB595D14}.Release|Any CPU.ActiveCfg = Release|Any CPU
		{05755F9C-1C43-46BE-BA81-AD95FB595D14}.Release|Any CPU.Build.0 = Release|Any CPU
		{05755F9C-1C43-46BE-BA81-AD95FB595D14}.Release|x64.ActiveCfg = Release|x64
		{05755F9C-1C43-46BE-BA81-AD95FB595D14}.Release|x64.Build.0 = Release|x64
		{05755F9C-1C43-46BE-BA81-AD95FB595D14}.Release|x86.ActiveCfg = Release|x86
		{05755F9C-1C43-46BE-BA81-AD95FB595D14}.Release|x86.Build.0 = Release|x86
		{44E9C7B7-43E1-407F-92C8-2760B200608E}.Debug|Any CPU.ActiveCfg = Debug|Any CPU
		{44E9C7B7-43E1-407F-92C8-2760B200608E}.Debug|Any CPU.Build.0 = Debug|Any CPU
		{44E9C7B7-43E1-407F-92C8-2760B200608E}.Debug|x64.ActiveCfg = Debug|x64
		{44E9C7B7-43E1-407F-92C8-2760B200608E}.Debug|x64.Build.0 = Debug|x64
		{44E9C7B7-43E1-407F-92C8-2760B200608E}.Debug|x86.ActiveCfg = Debug|x86
		{44E9C7B7-43E1-407F-92C8-2760B200608E}.Debug|x86.Build.0 = Debug|x86
		{44E9C7B7-43E1-407F-92C8-2760B200608E}.Release|Any CPU.ActiveCfg = Release|Any CPU
		{44E9C7B7-43E1-407F-92C8-2760B200608E}.Release|Any CPU.Build.0 = Release|Any CPU
		{44E9C7B7-43E1-407F-92C8-2760B200608E}.Release|x64.ActiveCfg = Release|x64
		{44E9C7B7-43E1-407F-92C8-2760B200608E}.Release|x64.Build.0 = Release|x64
		{44E9C7B7-43E1-407F-92C8-2760B200608E}.Release|x86.ActiveCfg = Release|x86
		{44E9C7B7-43E1-407F-92C8-2760B200608E}.Release|x86.Build.0 = Release|x86
		{1A4775F0-C704-4A06-9117-5B48CD16B7E8}.Debug|Any CPU.ActiveCfg = Debug|Any CPU
		{1A4775F0-C704-4A06-9117-5B48CD16B7E8}.Debug|Any CPU.Build.0 = Debug|Any CPU
		{1A4775F0-C704-4A06-9117-5B48CD16B7E8}.Debug|x64.ActiveCfg = Debug|x64
		{1A4775F0-C704-4A06-9117-5B48CD16B7E8}.Debug|x64.Build.0 = Debug|x64
		{1A4775F0-C704-4A06-9117-5B48CD16B7E8}.Debug|x86.ActiveCfg = Debug|x86
		{1A4775F0-C704-4A06-9117-5B48CD16B7E8}.Debug|x86.Build.0 = Debug|x86
		{1A4775F0-C704-4A06-9117-5B48CD16B7E8}.Release|Any CPU.ActiveCfg = Release|Any CPU
		{1A4775F0-C704-4A06-9117-5B48CD16B7E8}.Release|Any CPU.Build.0 = Release|Any CPU
		{1A4775F0-C704-4A06-9117-5B48CD16B7E8}.Release|x64.ActiveCfg = Release|x64
		{1A4775F0-C704-4A06-9117-5B48CD16B7E8}.Release|x64.Build.0 = Release|x64
		{1A4775F0-C704-4A06-9117-5B48CD16B7E8}.Release|x86.ActiveCfg = Release|x86
		{1A4775F0-C704-4A06-9117-5B48CD16B7E8}.Release|x86.Build.0 = Release|x86
		{103C6089-4FFD-4CF0-B792-100D773AAAC3}.Debug|Any CPU.ActiveCfg = Debug|Any CPU
		{103C6089-4FFD-4CF0-B792-100D773AAAC3}.Debug|Any CPU.Build.0 = Debug|Any CPU
		{103C6089-4FFD-4CF0-B792-100D773AAAC3}.Debug|x64.ActiveCfg = Debug|Any CPU
		{103C6089-4FFD-4CF0-B792-100D773AAAC3}.Debug|x64.Build.0 = Debug|Any CPU
		{103C6089-4FFD-4CF0-B792-100D773AAAC3}.Debug|x86.ActiveCfg = Debug|Any CPU
		{103C6089-4FFD-4CF0-B792-100D773AAAC3}.Debug|x86.Build.0 = Debug|Any CPU
		{103C6089-4FFD-4CF0-B792-100D773AAAC3}.Release|Any CPU.ActiveCfg = Release|Any CPU
		{103C6089-4FFD-4CF0-B792-100D773AAAC3}.Release|Any CPU.Build.0 = Release|Any CPU
		{103C6089-4FFD-4CF0-B792-100D773AAAC3}.Release|x64.ActiveCfg = Release|Any CPU
		{103C6089-4FFD-4CF0-B792-100D773AAAC3}.Release|x64.Build.0 = Release|Any CPU
		{103C6089-4FFD-4CF0-B792-100D773AAAC3}.Release|x86.ActiveCfg = Release|Any CPU
		{103C6089-4FFD-4CF0-B792-100D773AAAC3}.Release|x86.Build.0 = Release|Any CPU
		{456FD8D6-B63A-4963-A91C-36E9AE96D228}.Debug|Any CPU.ActiveCfg = Debug|Any CPU
		{456FD8D6-B63A-4963-A91C-36E9AE96D228}.Debug|Any CPU.Build.0 = Debug|Any CPU
		{456FD8D6-B63A-4963-A91C-36E9AE96D228}.Debug|x64.ActiveCfg = Debug|Any CPU
		{456FD8D6-B63A-4963-A91C-36E9AE96D228}.Debug|x64.Build.0 = Debug|Any CPU
		{456FD8D6-B63A-4963-A91C-36E9AE96D228}.Debug|x86.ActiveCfg = Debug|Any CPU
		{456FD8D6-B63A-4963-A91C-36E9AE96D228}.Debug|x86.Build.0 = Debug|Any CPU
		{456FD8D6-B63A-4963-A91C-36E9AE96D228}.Release|Any CPU.ActiveCfg = Release|Any CPU
		{456FD8D6-B63A-4963-A91C-36E9AE96D228}.Release|Any CPU.Build.0 = Release|Any CPU
		{456FD8D6-B63A-4963-A91C-36E9AE96D228}.Release|x64.ActiveCfg = Release|Any CPU
		{456FD8D6-B63A-4963-A91C-36E9AE96D228}.Release|x64.Build.0 = Release|Any CPU
		{456FD8D6-B63A-4963-A91C-36E9AE96D228}.Release|x86.ActiveCfg = Release|Any CPU
		{456FD8D6-B63A-4963-A91C-36E9AE96D228}.Release|x86.Build.0 = Release|Any CPU
		{B0E7A270-0077-4522-82CD-E284DF3E85D5}.Debug|Any CPU.ActiveCfg = Debug|Any CPU
		{B0E7A270-0077-4522-82CD-E284DF3E85D5}.Debug|Any CPU.Build.0 = Debug|Any CPU
		{B0E7A270-0077-4522-82CD-E284DF3E85D5}.Debug|x64.ActiveCfg = Debug|x64
		{B0E7A270-0077-4522-82CD-E284DF3E85D5}.Debug|x64.Build.0 = Debug|x64
		{B0E7A270-0077-4522-82CD-E284DF3E85D5}.Debug|x86.ActiveCfg = Debug|x86
		{B0E7A270-0077-4522-82CD-E284DF3E85D5}.Debug|x86.Build.0 = Debug|x86
		{B0E7A270-0077-4522-82CD-E284DF3E85D5}.Release|Any CPU.ActiveCfg = Release|Any CPU
		{B0E7A270-0077-4522-82CD-E284DF3E85D5}.Release|Any CPU.Build.0 = Release|Any CPU
		{B0E7A270-0077-4522-82CD-E284DF3E85D5}.Release|x64.ActiveCfg = Release|x64
		{B0E7A270-0077-4522-82CD-E284DF3E85D5}.Release|x64.Build.0 = Release|x64
		{B0E7A270-0077-4522-82CD-E284DF3E85D5}.Release|x86.ActiveCfg = Release|x86
		{B0E7A270-0077-4522-82CD-E284DF3E85D5}.Release|x86.Build.0 = Release|x86
		{F3313750-DDDE-4B39-8119-D540E822E9AF}.Debug|Any CPU.ActiveCfg = Debug|Any CPU
		{F3313750-DDDE-4B39-8119-D540E822E9AF}.Debug|Any CPU.Build.0 = Debug|Any CPU
		{F3313750-DDDE-4B39-8119-D540E822E9AF}.Debug|x64.ActiveCfg = Debug|Any CPU
		{F3313750-DDDE-4B39-8119-D540E822E9AF}.Debug|x64.Build.0 = Debug|Any CPU
		{F3313750-DDDE-4B39-8119-D540E822E9AF}.Debug|x86.ActiveCfg = Debug|Any CPU
		{F3313750-DDDE-4B39-8119-D540E822E9AF}.Debug|x86.Build.0 = Debug|Any CPU
		{F3313750-DDDE-4B39-8119-D540E822E9AF}.Release|Any CPU.ActiveCfg = Release|Any CPU
		{F3313750-DDDE-4B39-8119-D540E822E9AF}.Release|Any CPU.Build.0 = Release|Any CPU
		{F3313750-DDDE-4B39-8119-D540E822E9AF}.Release|x64.ActiveCfg = Release|Any CPU
		{F3313750-DDDE-4B39-8119-D540E822E9AF}.Release|x64.Build.0 = Release|Any CPU
		{F3313750-DDDE-4B39-8119-D540E822E9AF}.Release|x86.ActiveCfg = Release|Any CPU
		{F3313750-DDDE-4B39-8119-D540E822E9AF}.Release|x86.Build.0 = Release|Any CPU
		{6246CFD4-82CE-42A5-81B6-6829A8AB4CA4}.Debug|Any CPU.ActiveCfg = Debug|Any CPU
		{6246CFD4-82CE-42A5-81B6-6829A8AB4CA4}.Debug|Any CPU.Build.0 = Debug|Any CPU
		{6246CFD4-82CE-42A5-81B6-6829A8AB4CA4}.Debug|x64.ActiveCfg = Debug|x64
		{6246CFD4-82CE-42A5-81B6-6829A8AB4CA4}.Debug|x64.Build.0 = Debug|x64
		{6246CFD4-82CE-42A5-81B6-6829A8AB4CA4}.Debug|x86.ActiveCfg = Debug|x86
		{6246CFD4-82CE-42A5-81B6-6829A8AB4CA4}.Debug|x86.Build.0 = Debug|x86
		{6246CFD4-82CE-42A5-81B6-6829A8AB4CA4}.Release|Any CPU.ActiveCfg = Release|Any CPU
		{6246CFD4-82CE-42A5-81B6-6829A8AB4CA4}.Release|Any CPU.Build.0 = Release|Any CPU
		{6246CFD4-82CE-42A5-81B6-6829A8AB4CA4}.Release|x64.ActiveCfg = Release|x64
		{6246CFD4-82CE-42A5-81B6-6829A8AB4CA4}.Release|x64.Build.0 = Release|x64
		{6246CFD4-82CE-42A5-81B6-6829A8AB4CA4}.Release|x86.ActiveCfg = Release|x86
		{6246CFD4-82CE-42A5-81B6-6829A8AB4CA4}.Release|x86.Build.0 = Release|x86
		{183598F6-8420-4E33-81F0-5A546222C379}.Debug|Any CPU.ActiveCfg = Debug|Any CPU
		{183598F6-8420-4E33-81F0-5A546222C379}.Debug|Any CPU.Build.0 = Debug|Any CPU
		{183598F6-8420-4E33-81F0-5A546222C379}.Debug|x64.ActiveCfg = Debug|x64
		{183598F6-8420-4E33-81F0-5A546222C379}.Debug|x64.Build.0 = Debug|x64
		{183598F6-8420-4E33-81F0-5A546222C379}.Debug|x86.ActiveCfg = Debug|x86
		{183598F6-8420-4E33-81F0-5A546222C379}.Debug|x86.Build.0 = Debug|x86
		{183598F6-8420-4E33-81F0-5A546222C379}.Release|Any CPU.ActiveCfg = Release|Any CPU
		{183598F6-8420-4E33-81F0-5A546222C379}.Release|Any CPU.Build.0 = Release|Any CPU
		{183598F6-8420-4E33-81F0-5A546222C379}.Release|x64.ActiveCfg = Release|x64
		{183598F6-8420-4E33-81F0-5A546222C379}.Release|x64.Build.0 = Release|x64
		{183598F6-8420-4E33-81F0-5A546222C379}.Release|x86.ActiveCfg = Release|x86
		{183598F6-8420-4E33-81F0-5A546222C379}.Release|x86.Build.0 = Release|x86
		{AAA66D3A-DE51-4719-B8FE-E8EFCBACEE69}.Debug|Any CPU.ActiveCfg = Debug|Any CPU
		{AAA66D3A-DE51-4719-B8FE-E8EFCBACEE69}.Debug|Any CPU.Build.0 = Debug|Any CPU
		{AAA66D3A-DE51-4719-B8FE-E8EFCBACEE69}.Debug|x64.ActiveCfg = Debug|x64
		{AAA66D3A-DE51-4719-B8FE-E8EFCBACEE69}.Debug|x64.Build.0 = Debug|x64
		{AAA66D3A-DE51-4719-B8FE-E8EFCBACEE69}.Debug|x86.ActiveCfg = Debug|x86
		{AAA66D3A-DE51-4719-B8FE-E8EFCBACEE69}.Debug|x86.Build.0 = Debug|x86
		{AAA66D3A-DE51-4719-B8FE-E8EFCBACEE69}.Release|Any CPU.ActiveCfg = Release|Any CPU
		{AAA66D3A-DE51-4719-B8FE-E8EFCBACEE69}.Release|Any CPU.Build.0 = Release|Any CPU
		{AAA66D3A-DE51-4719-B8FE-E8EFCBACEE69}.Release|x64.ActiveCfg = Release|x64
		{AAA66D3A-DE51-4719-B8FE-E8EFCBACEE69}.Release|x64.Build.0 = Release|x64
		{AAA66D3A-DE51-4719-B8FE-E8EFCBACEE69}.Release|x86.ActiveCfg = Release|x86
		{AAA66D3A-DE51-4719-B8FE-E8EFCBACEE69}.Release|x86.Build.0 = Release|x86
		{D2E3F2B4-DAB3-44AB-97A5-D2AA3AF87732}.Debug|Any CPU.ActiveCfg = Debug|Any CPU
		{D2E3F2B4-DAB3-44AB-97A5-D2AA3AF87732}.Debug|Any CPU.Build.0 = Debug|Any CPU
		{D2E3F2B4-DAB3-44AB-97A5-D2AA3AF87732}.Debug|x64.ActiveCfg = Debug|Any CPU
		{D2E3F2B4-DAB3-44AB-97A5-D2AA3AF87732}.Debug|x64.Build.0 = Debug|Any CPU
		{D2E3F2B4-DAB3-44AB-97A5-D2AA3AF87732}.Debug|x86.ActiveCfg = Debug|Any CPU
		{D2E3F2B4-DAB3-44AB-97A5-D2AA3AF87732}.Debug|x86.Build.0 = Debug|Any CPU
		{D2E3F2B4-DAB3-44AB-97A5-D2AA3AF87732}.Release|Any CPU.ActiveCfg = Release|Any CPU
		{D2E3F2B4-DAB3-44AB-97A5-D2AA3AF87732}.Release|Any CPU.Build.0 = Release|Any CPU
		{D2E3F2B4-DAB3-44AB-97A5-D2AA3AF87732}.Release|x64.ActiveCfg = Release|Any CPU
		{D2E3F2B4-DAB3-44AB-97A5-D2AA3AF87732}.Release|x64.Build.0 = Release|Any CPU
		{D2E3F2B4-DAB3-44AB-97A5-D2AA3AF87732}.Release|x86.ActiveCfg = Release|Any CPU
		{D2E3F2B4-DAB3-44AB-97A5-D2AA3AF87732}.Release|x86.Build.0 = Release|Any CPU
		{6F7BFDE7-884C-4FCF-9F0F-C103285D3D37}.Debug|Any CPU.ActiveCfg = Debug|Any CPU
		{6F7BFDE7-884C-4FCF-9F0F-C103285D3D37}.Debug|Any CPU.Build.0 = Debug|Any CPU
		{6F7BFDE7-884C-4FCF-9F0F-C103285D3D37}.Debug|x64.ActiveCfg = Debug|Any CPU
		{6F7BFDE7-884C-4FCF-9F0F-C103285D3D37}.Debug|x64.Build.0 = Debug|Any CPU
		{6F7BFDE7-884C-4FCF-9F0F-C103285D3D37}.Debug|x86.ActiveCfg = Debug|Any CPU
		{6F7BFDE7-884C-4FCF-9F0F-C103285D3D37}.Debug|x86.Build.0 = Debug|Any CPU
		{6F7BFDE7-884C-4FCF-9F0F-C103285D3D37}.Release|Any CPU.ActiveCfg = Release|Any CPU
		{6F7BFDE7-884C-4FCF-9F0F-C103285D3D37}.Release|Any CPU.Build.0 = Release|Any CPU
		{6F7BFDE7-884C-4FCF-9F0F-C103285D3D37}.Release|x64.ActiveCfg = Release|Any CPU
		{6F7BFDE7-884C-4FCF-9F0F-C103285D3D37}.Release|x64.Build.0 = Release|Any CPU
		{6F7BFDE7-884C-4FCF-9F0F-C103285D3D37}.Release|x86.ActiveCfg = Release|Any CPU
		{6F7BFDE7-884C-4FCF-9F0F-C103285D3D37}.Release|x86.Build.0 = Release|Any CPU
		{256EEA14-C989-4652-B73F-2C049E323E0B}.Debug|Any CPU.ActiveCfg = Debug|Any CPU
		{256EEA14-C989-4652-B73F-2C049E323E0B}.Debug|Any CPU.Build.0 = Debug|Any CPU
		{256EEA14-C989-4652-B73F-2C049E323E0B}.Debug|x64.ActiveCfg = Debug|x64
		{256EEA14-C989-4652-B73F-2C049E323E0B}.Debug|x64.Build.0 = Debug|x64
		{256EEA14-C989-4652-B73F-2C049E323E0B}.Debug|x86.ActiveCfg = Debug|x86
		{256EEA14-C989-4652-B73F-2C049E323E0B}.Debug|x86.Build.0 = Debug|x86
		{256EEA14-C989-4652-B73F-2C049E323E0B}.Release|Any CPU.ActiveCfg = Release|Any CPU
		{256EEA14-C989-4652-B73F-2C049E323E0B}.Release|Any CPU.Build.0 = Release|Any CPU
		{256EEA14-C989-4652-B73F-2C049E323E0B}.Release|x64.ActiveCfg = Release|x64
		{256EEA14-C989-4652-B73F-2C049E323E0B}.Release|x64.Build.0 = Release|x64
		{256EEA14-C989-4652-B73F-2C049E323E0B}.Release|x86.ActiveCfg = Release|x86
		{256EEA14-C989-4652-B73F-2C049E323E0B}.Release|x86.Build.0 = Release|x86
		{B220B456-E561-4F9C-86F3-3F530BBB6F6F}.Debug|Any CPU.ActiveCfg = Debug|Any CPU
		{B220B456-E561-4F9C-86F3-3F530BBB6F6F}.Debug|Any CPU.Build.0 = Debug|Any CPU
		{B220B456-E561-4F9C-86F3-3F530BBB6F6F}.Debug|x64.ActiveCfg = Debug|x64
		{B220B456-E561-4F9C-86F3-3F530BBB6F6F}.Debug|x64.Build.0 = Debug|x64
		{B220B456-E561-4F9C-86F3-3F530BBB6F6F}.Debug|x86.ActiveCfg = Debug|x86
		{B220B456-E561-4F9C-86F3-3F530BBB6F6F}.Debug|x86.Build.0 = Debug|x86
		{B220B456-E561-4F9C-86F3-3F530BBB6F6F}.Release|Any CPU.ActiveCfg = Release|Any CPU
		{B220B456-E561-4F9C-86F3-3F530BBB6F6F}.Release|Any CPU.Build.0 = Release|Any CPU
		{B220B456-E561-4F9C-86F3-3F530BBB6F6F}.Release|x64.ActiveCfg = Release|x64
		{B220B456-E561-4F9C-86F3-3F530BBB6F6F}.Release|x64.Build.0 = Release|x64
		{B220B456-E561-4F9C-86F3-3F530BBB6F6F}.Release|x86.ActiveCfg = Release|x86
		{B220B456-E561-4F9C-86F3-3F530BBB6F6F}.Release|x86.Build.0 = Release|x86
	EndGlobalSection
	GlobalSection(SolutionProperties) = preSolution
		HideSolutionNode = FALSE
	EndGlobalSection
	GlobalSection(ExtensibilityGlobals) = postSolution
		SolutionGuid = {06D83338-1A4A-4278-9FDB-B860794AD8F8}
	EndGlobalSection
EndGlobal
